
Microsoft Visual Studio Solution File, Format Version 10.00
# Visual C# Express 2008
Project("{FAE04EC0-301F-11D3-BF4B-00C04F79EFBC}") = "UnderworldEngine", "UnderworldEngine\UnderworldEngine.csproj", "{A794D9A1-4C2E-462B-BE6E-14C8D40287B4}"
EndProject
Global
	GlobalSection(SolutionConfigurationPlatforms) = preSolution
		Debug|x86 = Debug|x86
		Release|x86 = Release|x86
	EndGlobalSection
	GlobalSection(ProjectConfigurationPlatforms) = postSolution
		{A794D9A1-4C2E-462B-BE6E-14C8D40287B4}.Debug|x86.ActiveCfg = Debug|x86
		{A794D9A1-4C2E-462B-BE6E-14C8D40287B4}.Debug|x86.Build.0 = Debug|x86
		{A794D9A1-4C2E-462B-BE6E-14C8D40287B4}.Release|x86.ActiveCfg = Release|x86
		{A794D9A1-4C2E-462B-BE6E-14C8D40287B4}.Release|x86.Build.0 = Release|x86
		{67C20868-BBE1-4A74-B6CC-F58F7A280E08}.Debug|x86.ActiveCfg = Debug|x86
		{67C20868-BBE1-4A74-B6CC-F58F7A280E08}.Release|x86.ActiveCfg = Release|x86
	EndGlobalSection
	GlobalSection(SolutionProperties) = preSolution
		HideSolutionNode = FALSE
	EndGlobalSection
EndGlobal
